// !$*UTF8*$!
{
	archiveVersion = 1;
	classes = {
	};
	objectVersion = 46;
	objects = {

/* Begin PBXBuildFile section */
		E515D85E1981DF28001409D2 /* Cocoa.framework in Frameworks */ = {isa = PBXBuildFile; fileRef = E515D85D1981DF28001409D2 /* Cocoa.framework */; };
		E515D8681981DF28001409D2 /* InfoPlist.strings in Resources */ = {isa = PBXBuildFile; fileRef = E515D8661981DF28001409D2 /* InfoPlist.strings */; };
		E515D86A1981DF28001409D2 /* main.m in Sources */ = {isa = PBXBuildFile; fileRef = E515D8691981DF28001409D2 /* main.m */; };
		E515D86E1981DF28001409D2 /* Credits.rtf in Resources */ = {isa = PBXBuildFile; fileRef = E515D86C1981DF28001409D2 /* Credits.rtf */; };
		E515D8711981DF28001409D2 /* clxAppDelegate.m in Sources */ = {isa = PBXBuildFile; fileRef = E515D8701981DF28001409D2 /* clxAppDelegate.m */; };
		E515D8741981DF28001409D2 /* MainMenu.xib in Resources */ = {isa = PBXBuildFile; fileRef = E515D8721981DF28001409D2 /* MainMenu.xib */; };
		E515D8761981DF28001409D2 /* Images.xcassets in Resources */ = {isa = PBXBuildFile; fileRef = E515D8751981DF28001409D2 /* Images.xcassets */; };
		E515D87D1981DF28001409D2 /* XCTest.framework in Frameworks */ = {isa = PBXBuildFile; fileRef = E515D87C1981DF28001409D2 /* XCTest.framework */; };
		E515D87E1981DF28001409D2 /* Cocoa.framework in Frameworks */ = {isa = PBXBuildFile; fileRef = E515D85D1981DF28001409D2 /* Cocoa.framework */; };
		E515D8861981DF28001409D2 /* InfoPlist.strings in Resources */ = {isa = PBXBuildFile; fileRef = E515D8841981DF28001409D2 /* InfoPlist.strings */; };
		E515D8881981DF28001409D2 /* GUITests.m in Sources */ = {isa = PBXBuildFile; fileRef = E515D8871981DF28001409D2 /* GUITests.m */; };
/* End PBXBuildFile section */

/* Begin PBXContainerItemProxy section */
		E515D87F1981DF28001409D2 /* PBXContainerItemProxy */ = {
			isa = PBXContainerItemProxy;
			containerPortal = E515D8521981DF28001409D2 /* Project object */;
			proxyType = 1;
			remoteGlobalIDString = E515D8591981DF28001409D2;
			remoteInfo = GUI;
		};
/* End PBXContainerItemProxy section */

/* Begin PBXFileReference section */
		E515D85A1981DF28001409D2 /* GUI.app */ = {isa = PBXFileReference; explicitFileType = wrapper.application; includeInIndex = 0; path = GUI.app; sourceTree = BUILT_PRODUCTS_DIR; };
		E515D85D1981DF28001409D2 /* Cocoa.framework */ = {isa = PBXFileReference; lastKnownFileType = wrapper.framework; name = Cocoa.framework; path = System/Library/Frameworks/Cocoa.framework; sourceTree = SDKROOT; };
		E515D8601981DF28001409D2 /* AppKit.framework */ = {isa = PBXFileReference; lastKnownFileType = wrapper.framework; name = AppKit.framework; path = System/Library/Frameworks/AppKit.framework; sourceTree = SDKROOT; };
		E515D8611981DF28001409D2 /* CoreData.framework */ = {isa = PBXFileReference; lastKnownFileType = wrapper.framework; name = CoreData.framework; path = System/Library/Frameworks/CoreData.framework; sourceTree = SDKROOT; };
		E515D8621981DF28001409D2 /* Foundation.framework */ = {isa = PBXFileReference; lastKnownFileType = wrapper.framework; name = Foundation.framework; path = System/Library/Frameworks/Foundation.framework; sourceTree = SDKROOT; };
		E515D8651981DF28001409D2 /* GUI-Info.plist */ = {isa = PBXFileReference; lastKnownFileType = text.plist.xml; path = "GUI-Info.plist"; sourceTree = "<group>"; };
		E515D8671981DF28001409D2 /* en */ = {isa = PBXFileReference; lastKnownFileType = text.plist.strings; name = en; path = en.lproj/InfoPlist.strings; sourceTree = "<group>"; };
		E515D8691981DF28001409D2 /* main.m */ = {isa = PBXFileReference; lastKnownFileType = sourcecode.c.objc; path = main.m; sourceTree = "<group>"; };
		E515D86B1981DF28001409D2 /* GUI-Prefix.pch */ = {isa = PBXFileReference; lastKnownFileType = sourcecode.c.h; path = "GUI-Prefix.pch"; sourceTree = "<group>"; };
		E515D86D1981DF28001409D2 /* en */ = {isa = PBXFileReference; lastKnownFileType = text.rtf; name = en; path = en.lproj/Credits.rtf; sourceTree = "<group>"; };
		E515D86F1981DF28001409D2 /* clxAppDelegate.h */ = {isa = PBXFileReference; lastKnownFileType = sourcecode.c.h; path = clxAppDelegate.h; sourceTree = "<group>"; };
		E515D8701981DF28001409D2 /* clxAppDelegate.m */ = {isa = PBXFileReference; lastKnownFileType = sourcecode.c.objc; path = clxAppDelegate.m; sourceTree = "<group>"; };
		E515D8731981DF28001409D2 /* Base */ = {isa = PBXFileReference; lastKnownFileType = file.xib; name = Base; path = Base.lproj/MainMenu.xib; sourceTree = "<group>"; };
		E515D8751981DF28001409D2 /* Images.xcassets */ = {isa = PBXFileReference; lastKnownFileType = folder.assetcatalog; path = Images.xcassets; sourceTree = "<group>"; };
		E515D87B1981DF28001409D2 /* GUITests.xctest */ = {isa = PBXFileReference; explicitFileType = wrapper.cfbundle; includeInIndex = 0; path = GUITests.xctest; sourceTree = BUILT_PRODUCTS_DIR; };
		E515D87C1981DF28001409D2 /* XCTest.framework */ = {isa = PBXFileReference; lastKnownFileType = wrapper.framework; name = XCTest.framework; path = Library/Frameworks/XCTest.framework; sourceTree = DEVELOPER_DIR; };
		E515D8831981DF28001409D2 /* GUITests-Info.plist */ = {isa = PBXFileReference; lastKnownFileType = text.plist.xml; path = "GUITests-Info.plist"; sourceTree = "<group>"; };
		E515D8851981DF28001409D2 /* en */ = {isa = PBXFileReference; lastKnownFileType = text.plist.strings; name = en; path = en.lproj/InfoPlist.strings; sourceTree = "<group>"; };
		E515D8871981DF28001409D2 /* GUITests.m */ = {isa = PBXFileReference; lastKnownFileType = sourcecode.c.objc; path = GUITests.m; sourceTree = "<group>"; };
/* End PBXFileReference section */

/* Begin PBXFrameworksBuildPhase section */
		E515D8571981DF28001409D2 /* Frameworks */ = {
			isa = PBXFrameworksBuildPhase;
			buildActionMask = 2147483647;
			files = (
				E515D85E1981DF28001409D2 /* Cocoa.framework in Frameworks */,
			);
			runOnlyForDeploymentPostprocessing = 0;
		};
		E515D8781981DF28001409D2 /* Frameworks */ = {
			isa = PBXFrameworksBuildPhase;
			buildActionMask = 2147483647;
			files = (
				E515D87E1981DF28001409D2 /* Cocoa.framework in Frameworks */,
				E515D87D1981DF28001409D2 /* XCTest.framework in Frameworks */,
			);
			runOnlyForDeploymentPostprocessing = 0;
		};
/* End PBXFrameworksBuildPhase section */

/* Begin PBXGroup section */
		E515D8511981DF28001409D2 = {
			isa = PBXGroup;
			children = (
				E515D8631981DF28001409D2 /* GUI */,
				E515D8811981DF28001409D2 /* GUITests */,
				E515D85C1981DF28001409D2 /* Frameworks */,
				E515D85B1981DF28001409D2 /* Products */,
			);
			sourceTree = "<group>";
		};
		E515D85B1981DF28001409D2 /* Products */ = {
			isa = PBXGroup;
			children = (
				E515D85A1981DF28001409D2 /* GUI.app */,
				E515D87B1981DF28001409D2 /* GUITests.xctest */,
			);
			name = Products;
			sourceTree = "<group>";
		};
		E515D85C1981DF28001409D2 /* Frameworks */ = {
			isa = PBXGroup;
			children = (
				E515D85D1981DF28001409D2 /* Cocoa.framework */,
				E515D87C1981DF28001409D2 /* XCTest.framework */,
				E515D85F1981DF28001409D2 /* Other Frameworks */,
			);
			name = Frameworks;
			sourceTree = "<group>";
		};
		E515D85F1981DF28001409D2 /* Other Frameworks */ = {
			isa = PBXGroup;
			children = (
				E515D8601981DF28001409D2 /* AppKit.framework */,
				E515D8611981DF28001409D2 /* CoreData.framework */,
				E515D8621981DF28001409D2 /* Foundation.framework */,
			);
			name = "Other Frameworks";
			sourceTree = "<group>";
		};
		E515D8631981DF28001409D2 /* GUI */ = {
			isa = PBXGroup;
			children = (
				E515D86F1981DF28001409D2 /* clxAppDelegate.h */,
				E515D8701981DF28001409D2 /* clxAppDelegate.m */,
				E515D8721981DF28001409D2 /* MainMenu.xib */,
				E515D8751981DF28001409D2 /* Images.xcassets */,
				E515D8641981DF28001409D2 /* Supporting Files */,
			);
			path = GUI;
			sourceTree = "<group>";
		};
		E515D8641981DF28001409D2 /* Supporting Files */ = {
			isa = PBXGroup;
			children = (
				E515D8651981DF28001409D2 /* GUI-Info.plist */,
				E515D8661981DF28001409D2 /* InfoPlist.strings */,
				E515D8691981DF28001409D2 /* main.m */,
				E515D86B1981DF28001409D2 /* GUI-Prefix.pch */,
				E515D86C1981DF28001409D2 /* Credits.rtf */,
			);
			name = "Supporting Files";
			sourceTree = "<group>";
		};
		E515D8811981DF28001409D2 /* GUITests */ = {
			isa = PBXGroup;
			children = (
				E515D8871981DF28001409D2 /* GUITests.m */,
				E515D8821981DF28001409D2 /* Supporting Files */,
			);
			path = GUITests;
			sourceTree = "<group>";
		};
		E515D8821981DF28001409D2 /* Supporting Files */ = {
			isa = PBXGroup;
			children = (
				E515D8831981DF28001409D2 /* GUITests-Info.plist */,
				E515D8841981DF28001409D2 /* InfoPlist.strings */,
			);
			name = "Supporting Files";
			sourceTree = "<group>";
		};
/* End PBXGroup section */

/* Begin PBXNativeTarget section */
		E515D8591981DF28001409D2 /* GUI */ = {
			isa = PBXNativeTarget;
			buildConfigurationList = E515D88B1981DF29001409D2 /* Build configuration list for PBXNativeTarget "GUI" */;
			buildPhases = (
				E515D8561981DF28001409D2 /* Sources */,
				E515D8571981DF28001409D2 /* Frameworks */,
				E515D8581981DF28001409D2 /* Resources */,
			);
			buildRules = (
			);
			dependencies = (
			);
			name = GUI;
			productName = GUI;
			productReference = E515D85A1981DF28001409D2 /* GUI.app */;
			productType = "com.apple.product-type.application";
		};
		E515D87A1981DF28001409D2 /* GUITests */ = {
			isa = PBXNativeTarget;
			buildConfigurationList = E515D88E1981DF29001409D2 /* Build configuration list for PBXNativeTarget "GUITests" */;
			buildPhases = (
				E515D8771981DF28001409D2 /* Sources */,
				E515D8781981DF28001409D2 /* Frameworks */,
				E515D8791981DF28001409D2 /* Resources */,
			);
			buildRules = (
			);
			dependencies = (
				E515D8801981DF28001409D2 /* PBXTargetDependency */,
			);
			name = GUITests;
			productName = GUITests;
			productReference = E515D87B1981DF28001409D2 /* GUITests.xctest */;
			productType = "com.apple.product-type.bundle.unit-test";
		};
/* End PBXNativeTarget section */

/* Begin PBXProject section */
		E515D8521981DF28001409D2 /* Project object */ = {
			isa = PBXProject;
			attributes = {
				CLASSPREFIX = clx;
				LastUpgradeCheck = 0510;
				ORGANIZATIONNAME = "Jake Sylvestre";
				TargetAttributes = {
					E515D87A1981DF28001409D2 = {
						TestTargetID = E515D8591981DF28001409D2;
					};
				};
			};
			buildConfigurationList = E515D8551981DF28001409D2 /* Build configuration list for PBXProject "GUI" */;
			compatibilityVersion = "Xcode 3.2";
			developmentRegion = English;
			hasScannedForEncodings = 0;
			knownRegions = (
				en,
				Base,
			);
			mainGroup = E515D8511981DF28001409D2;
			productRefGroup = E515D85B1981DF28001409D2 /* Products */;
			projectDirPath = "";
			projectRoot = "";
			targets = (
				E515D8591981DF28001409D2 /* GUI */,
				E515D87A1981DF28001409D2 /* GUITests */,
			);
		};
/* End PBXProject section */

/* Begin PBXResourcesBuildPhase section */
		E515D8581981DF28001409D2 /* Resources */ = {
			isa = PBXResourcesBuildPhase;
			buildActionMask = 2147483647;
			files = (
				E515D8681981DF28001409D2 /* InfoPlist.strings in Resources */,
				E515D8761981DF28001409D2 /* Images.xcassets in Resources */,
				E515D86E1981DF28001409D2 /* Credits.rtf in Resources */,
				E515D8741981DF28001409D2 /* MainMenu.xib in Resources */,
			);
			runOnlyForDeploymentPostprocessing = 0;
		};
		E515D8791981DF28001409D2 /* Resources */ = {
			isa = PBXResourcesBuildPhase;
			buildActionMask = 2147483647;
			files = (
				E515D8861981DF28001409D2 /* InfoPlist.strings in Resources */,
			);
			runOnlyForDeploymentPostprocessing = 0;
		};
/* End PBXResourcesBuildPhase section */

/* Begin PBXSourcesBuildPhase section */
		E515D8561981DF28001409D2 /* Sources */ = {
			isa = PBXSourcesBuildPhase;
			buildActionMask = 2147483647;
			files = (
				E515D8711981DF28001409D2 /* clxAppDelegate.m in Sources */,
				E515D86A1981DF28001409D2 /* main.m in Sources */,
			);
			runOnlyForDeploymentPostprocessing = 0;
		};
		E515D8771981DF28001409D2 /* Sources */ = {
			isa = PBXSourcesBuildPhase;
			buildActionMask = 2147483647;
			files = (
				E515D8881981DF28001409D2 /* GUITests.m in Sources */,
			);
			runOnlyForDeploymentPostprocessing = 0;
		};
/* End PBXSourcesBuildPhase section */

/* Begin PBXTargetDependency section */
		E515D8801981DF28001409D2 /* PBXTargetDependency */ = {
			isa = PBXTargetDependency;
			target = E515D8591981DF28001409D2 /* GUI */;
			targetProxy = E515D87F1981DF28001409D2 /* PBXContainerItemProxy */;
		};
/* End PBXTargetDependency section */

/* Begin PBXVariantGroup section */
		E515D8661981DF28001409D2 /* InfoPlist.strings */ = {
			isa = PBXVariantGroup;
			children = (
				E515D8671981DF28001409D2 /* en */,
			);
			name = InfoPlist.strings;
			sourceTree = "<group>";
		};
		E515D86C1981DF28001409D2 /* Credits.rtf */ = {
			isa = PBXVariantGroup;
			children = (
				E515D86D1981DF28001409D2 /* en */,
			);
			name = Credits.rtf;
			sourceTree = "<group>";
		};
		E515D8721981DF28001409D2 /* MainMenu.xib */ = {
			isa = PBXVariantGroup;
			children = (
				E515D8731981DF28001409D2 /* Base */,
			);
			name = MainMenu.xib;
			sourceTree = "<group>";
		};
		E515D8841981DF28001409D2 /* InfoPlist.strings */ = {
			isa = PBXVariantGroup;
			children = (
				E515D8851981DF28001409D2 /* en */,
			);
			name = InfoPlist.strings;
			sourceTree = "<group>";
		};
/* End PBXVariantGroup section */

/* Begin XCBuildConfiguration section */
		E515D8891981DF29001409D2 /* Debug */ = {
			isa = XCBuildConfiguration;
			buildSettings = {
				ALWAYS_SEARCH_USER_PATHS = NO;
				CLANG_CXX_LANGUAGE_STANDARD = "gnu++0x";
				CLANG_CXX_LIBRARY = "libc++";
				CLANG_ENABLE_MODULES = YES;
				CLANG_ENABLE_OBJC_ARC = YES;
				CLANG_WARN_BOOL_CONVERSION = YES;
				CLANG_WARN_CONSTANT_CONVERSION = YES;
				CLANG_WARN_DIRECT_OBJC_ISA_USAGE = YES_ERROR;
				CLANG_WARN_EMPTY_BODY = YES;
				CLANG_WARN_ENUM_CONVERSION = YES;
				CLANG_WARN_INT_CONVERSION = YES;
				CLANG_WARN_OBJC_ROOT_CLASS = YES_ERROR;
				CLANG_WARN__DUPLICATE_METHOD_MATCH = YES;
				COPY_PHASE_STRIP = NO;
				GCC_C_LANGUAGE_STANDARD = gnu99;
				GCC_DYNAMIC_NO_PIC = NO;
				GCC_ENABLE_OBJC_EXCEPTIONS = YES;
				GCC_OPTIMIZATION_LEVEL = 0;
				GCC_PREPROCESSOR_DEFINITIONS = (
					"DEBUG=1",
					"$(inherited)",
				);
				GCC_SYMBOLS_PRIVATE_EXTERN = NO;
				GCC_WARN_64_TO_32_BIT_CONVERSION = YES;
				GCC_WARN_ABOUT_RETURN_TYPE = YES_ERROR;
				GCC_WARN_UNDECLARED_SELECTOR = YES;
				GCC_WARN_UNINITIALIZED_AUTOS = YES_AGGRESSIVE;
				GCC_WARN_UNUSED_FUNCTION = YES;
				GCC_WARN_UNUSED_VARIABLE = YES;
				MACOSX_DEPLOYMENT_TARGET = 10.9;
				ONLY_ACTIVE_ARCH = YES;
				SDKROOT = macosx;
			};
			name = Debug;
		};
		E515D88A1981DF29001409D2 /* Release */ = {
			isa = XCBuildConfiguration;
			buildSettings = {
				ALWAYS_SEARCH_USER_PATHS = NO;
				CLANG_CXX_LANGUAGE_STANDARD = "gnu++0x";
				CLANG_CXX_LIBRARY = "libc++";
				CLANG_ENABLE_MODULES = YES;
				CLANG_ENABLE_OBJC_ARC = YES;
				CLANG_WARN_BOOL_CONVERSION = YES;
				CLANG_WARN_CONSTANT_CONVERSION = YES;
				CLANG_WARN_DIRECT_OBJC_ISA_USAGE = YES_ERROR;
				CLANG_WARN_EMPTY_BODY = YES;
				CLANG_WARN_ENUM_CONVERSION = YES;
				CLANG_WARN_INT_CONVERSION = YES;
				CLANG_WARN_OBJC_ROOT_CLASS = YES_ERROR;
				CLANG_WARN__DUPLICATE_METHOD_MATCH = YES;
				COPY_PHASE_STRIP = YES;
				DEBUG_INFORMATION_FORMAT = "dwarf-with-dsym";
				ENABLE_NS_ASSERTIONS = NO;
				GCC_C_LANGUAGE_STANDARD = gnu99;
				GCC_ENABLE_OBJC_EXCEPTIONS = YES;
				GCC_WARN_64_TO_32_BIT_CONVERSION = YES;
				GCC_WARN_ABOUT_RETURN_TYPE = YES_ERROR;
				GCC_WARN_UNDECLARED_SELECTOR = YES;
				GCC_WARN_UNINITIALIZED_AUTOS = YES_AGGRESSIVE;
				GCC_WARN_UNUSED_FUNCTION = YES;
				GCC_WARN_UNUSED_VARIABLE = YES;
				MACOSX_DEPLOYMENT_TARGET = 10.9;
				SDKROOT = macosx;
			};
			name = Release;
		};
		E515D88C1981DF29001409D2 /* Debug */ = {
			isa = XCBuildConfiguration;
			buildSettings = {
				ASSETCATALOG_COMPILER_APPICON_NAME = AppIcon;
				COMBINE_HIDPI_IMAGES = YES;
				GCC_PRECOMPILE_PREFIX_HEADER = YES;
				GCC_PREFIX_HEADER = "GUI/GUI-Prefix.pch";
				INFOPLIST_FILE = "GUI/GUI-Info.plist";
				PRODUCT_NAME = "$(TARGET_NAME)";
				WRAPPER_EXTENSION = app;
			};
			name = Debug;
		};
		E515D88D1981DF29001409D2 /* Release */ = {
			isa = XCBuildConfiguration;
			buildSettings = {
				ASSETCATALOG_COMPILER_APPICON_NAME = AppIcon;
				COMBINE_HIDPI_IMAGES = YES;
				GCC_PRECOMPILE_PREFIX_HEADER = YES;
				GCC_PREFIX_HEADER = "GUI/GUI-Prefix.pch";
				INFOPLIST_FILE = "GUI/GUI-Info.plist";
				PRODUCT_NAME = "$(TARGET_NAME)";
				WRAPPER_EXTENSION = app;
			};
			name = Release;
		};
		E515D88F1981DF29001409D2 /* Debug */ = {
			isa = XCBuildConfiguration;
			buildSettings = {
				BUNDLE_LOADER = "$(BUILT_PRODUCTS_DIR)/GUI.app/Contents/MacOS/GUI";
				COMBINE_HIDPI_IMAGES = YES;
				FRAMEWORK_SEARCH_PATHS = (
					"$(DEVELOPER_FRAMEWORKS_DIR)",
					"$(inherited)",
				);
				GCC_PRECOMPILE_PREFIX_HEADER = YES;
				GCC_PREFIX_HEADER = "GUI/GUI-Prefix.pch";
				GCC_PREPROCESSOR_DEFINITIONS = (
					"DEBUG=1",
					"$(inherited)",
				);
				INFOPLIST_FILE = "GUITests/GUITests-Info.plist";
				PRODUCT_NAME = "$(TARGET_NAME)";
				TEST_HOST = "$(BUNDLE_LOADER)";
				WRAPPER_EXTENSION = xctest;
			};
			name = Debug;
		};
		E515D8901981DF29001409D2 /* Release */ = {
			isa = XCBuildConfiguration;
			buildSettings = {
				BUNDLE_LOADER = "$(BUILT_PRODUCTS_DIR)/GUI.app/Contents/MacOS/GUI";
				COMBINE_HIDPI_IMAGES = YES;
				FRAMEWORK_SEARCH_PATHS = (
					"$(DEVELOPER_FRAMEWORKS_DIR)",
					"$(inherited)",
				);
				GCC_PRECOMPILE_PREFIX_HEADER = YES;
				GCC_PREFIX_HEADER = "GUI/GUI-Prefix.pch";
				INFOPLIST_FILE = "GUITests/GUITests-Info.plist";
				PRODUCT_NAME = "$(TARGET_NAME)";
				TEST_HOST = "$(BUNDLE_LOADER)";
				WRAPPER_EXTENSION = xctest;
			};
			name = Release;
		};
/* End XCBuildConfiguration section */

/* Begin XCConfigurationList section */
		E515D8551981DF28001409D2 /* Build configuration list for PBXProject "GUI" */ = {
			isa = XCConfigurationList;
			buildConfigurations = (
				E515D8891981DF29001409D2 /* Debug */,
				E515D88A1981DF29001409D2 /* Release */,
			);
			defaultConfigurationIsVisible = 0;
			defaultConfigurationName = Release;
		};
		E515D88B1981DF29001409D2 /* Build configuration list for PBXNativeTarget "GUI" */ = {
			isa = XCConfigurationList;
			buildConfigurations = (
				E515D88C1981DF29001409D2 /* Debug */,
				E515D88D1981DF29001409D2 /* Release */,
			);
			defaultConfigurationIsVisible = 0;
		};
		E515D88E1981DF29001409D2 /* Build configuration list for PBXNativeTarget "GUITests" */ = {
			isa = XCConfigurationList;
			buildConfigurations = (
				E515D88F1981DF29001409D2 /* Debug */,
				E515D8901981DF29001409D2 /* Release */,
			);
			defaultConfigurationIsVisible = 0;
		};
/* End XCConfigurationList section */
	};
	rootObject = E515D8521981DF28001409D2 /* Project object */;
}
